PODS:
  - YoutubeVideoLinkProcessor (1.0.1)

DEPENDENCIES:
  - YoutubeVideoLinkProcessor (from `../`)

EXTERNAL SOURCES:
  YoutubeVideoLinkProcessor:
    :path: ../

SPEC CHECKSUMS:
  YoutubeVideoLinkProcessor: 0389acf19d93e95339e6e4f39ad728cbe75356a2

PODFILE CHECKSUM: 4352e9eecd922b341e92376cde3045cf491a7556

COCOAPODS: 1.1.1
